
Microsoft Visual Studio Solution File, Format Version 12.00
# Visual Studio Version 17
VisualStudioVersion = 17.5.33530.505
MinimumVisualStudioVersion = 10.0.40219.1
Project("{FAE04EC0-301F-11D3-BF4B-00C04F79EFBC}") = "DelegateExample", "DelegateExample\DelegateExample.csproj", "{AC6AEDE2-8224-4B47-9E69-BC63E065457A}"
EndProject
Global
	GlobalSection(SolutionConfigurationPlatforms) = preSolution
		Debug|Any CPU = Debug|Any CPU
		Release|Any CPU = Release|Any CPU
	EndGlobalSection
	GlobalSection(ProjectConfigurationPlatforms) = postSolution
		{AC6AEDE2-8224-4B47-9E69-BC63E065457A}.Debug|Any CPU.ActiveCfg = Debug|Any CPU
		{AC6AEDE2-8224-4B47-9E69-BC63E065457A}.Debug|Any CPU.Build.0 = Debug|Any CPU
		{AC6AEDE2-8224-4B47-9E69-BC63E065457A}.Release|Any CPU.ActiveCfg = Release|Any CPU
		{AC6AEDE2-8224-4B47-9E69-BC63E065457A}.Release|Any CPU.Build.0 = Release|Any CPU
	EndGlobalSection
	GlobalSection(SolutionProperties) = preSolution
		HideSolutionNode = FALSE
	EndGlobalSection
	GlobalSection(ExtensibilityGlobals) = postSolution
		SolutionGuid = {62C69B97-E77F-4C95-9C1B-FB6D77C73A78}
	EndGlobalSection
EndGlobal
